
Microsoft Visual Studio Solution File, Format Version 12.00
# Visual Studio 2013
VisualStudioVersion = 12.0.30723.0
MinimumVisualStudioVersion = 10.0.40219.1
Project("{FAE04EC0-301F-11D3-BF4B-00C04F79EFBC}") = "ActServer", "ActServer\ActServer.csproj", "{1A96AA61-10A9-4526-9144-C521140F400B}"
EndProject
Project("{FAE04EC0-301F-11D3-BF4B-00C04F79EFBC}") = "ServerTest", "ServerTest\ServerTest.csproj", "{E0EDE08D-5132-460B-8CFE-DC7E0E6A6045}"
EndProject
Global
	GlobalSection(SolutionConfigurationPlatforms) = preSolution
		Debug|Any CPU = Debug|Any CPU
		Release|Any CPU = Release|Any CPU
	EndGlobalSection
	GlobalSection(ProjectConfigurationPlatforms) = postSolution
		{1A96AA61-10A9-4526-9144-C521140F400B}.Debug|Any CPU.ActiveCfg = Debug|Any CPU
		{1A96AA61-10A9-4526-9144-C521140F400B}.Debug|Any CPU.Build.0 = Debug|Any CPU
		{1A96AA61-10A9-4526-9144-C521140F400B}.Release|Any CPU.ActiveCfg = Release|Any CPU
		{1A96AA61-10A9-4526-9144-C521140F400B}.Release|Any CPU.Build.0 = Release|Any CPU
		{E0EDE08D-5132-460B-8CFE-DC7E0E6A6045}.Debug|Any CPU.ActiveCfg = Debug|Any CPU
		{E0EDE08D-5132-460B-8CFE-DC7E0E6A6045}.Debug|Any CPU.Build.0 = Debug|Any CPU
		{E0EDE08D-5132-460B-8CFE-DC7E0E6A6045}.Release|Any CPU.ActiveCfg = Release|Any CPU
	EndGlobalSection
	GlobalSection(SolutionProperties) = preSolution
		HideSolutionNode = FALSE
	EndGlobalSection
EndGlobal
