
Microsoft Visual Studio Solution File, Format Version 12.00
# Visual Studio 2013
VisualStudioVersion = 12.0.30723.0
MinimumVisualStudioVersion = 10.0.40219.1
Project("{FAE04EC0-301F-11D3-BF4B-00C04F79EFBC}") = "ActServer", "ActServer\ActServer.csproj", "{1A96AA61-10A9-4526-9144-C521140F400B}"
EndProject
Project("{FAE04EC0-301F-11D3-BF4B-00C04F79EFBC}") = "Test", "Test\Test.csproj", "{90F36088-1D2D-43FD-8AED-0B88053C7158}"
	ProjectSection(ProjectDependencies) = postProject
		{1A96AA61-10A9-4526-9144-C521140F400B} = {1A96AA61-10A9-4526-9144-C521140F400B}
		{4EDF5462-F478-4A96-B567-DE0C7ED52230} = {4EDF5462-F478-4A96-B567-DE0C7ED52230}
		{EAEB8E87-CBAA-4F4F-838C-40CF2236C6F5} = {EAEB8E87-CBAA-4F4F-838C-40CF2236C6F5}
		{B78EA490-142B-44A2-8F34-CF5B76B04ACE} = {B78EA490-142B-44A2-8F34-CF5B76B04ACE}
		{074807AB-BF87-40E6-AC40-52CD16F7ED28} = {074807AB-BF87-40E6-AC40-52CD16F7ED28}
	EndProjectSection
EndProject
Project("{FAE04EC0-301F-11D3-BF4B-00C04F79EFBC}") = "MainModule", "MainModule\MainModule.csproj", "{EAEB8E87-CBAA-4F4F-838C-40CF2236C6F5}"
EndProject
Project("{FAE04EC0-301F-11D3-BF4B-00C04F79EFBC}") = "MiniParseModule", "MiniParseModule\MiniParseModule.csproj", "{B78EA490-142B-44A2-8F34-CF5B76B04ACE}"
EndProject
Project("{2150E333-8FDC-42A3-9474-1A3956D46DE8}") = ".nuget", ".nuget", "{98B85760-A891-414F-A59F-3237E9D40A48}"
	ProjectSection(SolutionItems) = preProject
		.nuget\NuGet.Config = .nuget\NuGet.Config
		.nuget\NuGet.exe = .nuget\NuGet.exe
	EndProjectSection
EndProject
Project("{2150E333-8FDC-42A3-9474-1A3956D46DE8}") = "Files", "Files", "{EA9222A2-EA10-4802-96DE-F0261BB7635A}"
	ProjectSection(SolutionItems) = preProject
		..\build.bat = ..\build.bat
		..\Utils\distribute.ps1 = ..\Utils\distribute.ps1
		..\LICENSE.txt = ..\LICENSE.txt
		..\README.md = ..\README.md
	EndProjectSection
EndProject
Project("{FAE04EC0-301F-11D3-BF4B-00C04F79EFBC}") = "GameLogModule", "GameLogModule\GameLogModule.csproj", "{4EDF5462-F478-4A96-B567-DE0C7ED52230}"
EndProject
Project("{FAE04EC0-301F-11D3-BF4B-00C04F79EFBC}") = "MessagingModule", "MessagingModule\MessagingModule.csproj", "{074807AB-BF87-40E6-AC40-52CD16F7ED28}"
EndProject
Project("{FAE04EC0-301F-11D3-BF4B-00C04F79EFBC}") = "ActServer.Nancy", "ActServer.Nancy\ActServer.Nancy.csproj", "{3BCA493C-0719-4A7B-A754-076B6588B4A0}"
EndProject
Project("{2150E333-8FDC-42A3-9474-1A3956D46DE8}") = "Shared", "Shared", "{D8A5D37F-1FA8-47CB-90D6-9A684BFB58E7}"
	ProjectSection(SolutionItems) = preProject
		SharedAssemblyInfo.cs = SharedAssemblyInfo.cs
	EndProjectSection
EndProject
Global
	GlobalSection(SolutionConfigurationPlatforms) = preSolution
		Debug|Any CPU = Debug|Any CPU
		Release|Any CPU = Release|Any CPU
	EndGlobalSection
	GlobalSection(ProjectConfigurationPlatforms) = postSolution
		{1A96AA61-10A9-4526-9144-C521140F400B}.Debug|Any CPU.ActiveCfg = Debug|Any CPU
		{1A96AA61-10A9-4526-9144-C521140F400B}.Debug|Any CPU.Build.0 = Debug|Any CPU
		{1A96AA61-10A9-4526-9144-C521140F400B}.Release|Any CPU.ActiveCfg = Release|Any CPU
		{1A96AA61-10A9-4526-9144-C521140F400B}.Release|Any CPU.Build.0 = Release|Any CPU
		{90F36088-1D2D-43FD-8AED-0B88053C7158}.Debug|Any CPU.ActiveCfg = Debug|Any CPU
		{90F36088-1D2D-43FD-8AED-0B88053C7158}.Debug|Any CPU.Build.0 = Debug|Any CPU
		{90F36088-1D2D-43FD-8AED-0B88053C7158}.Release|Any CPU.ActiveCfg = Release|Any CPU
		{EAEB8E87-CBAA-4F4F-838C-40CF2236C6F5}.Debug|Any CPU.ActiveCfg = Debug|Any CPU
		{EAEB8E87-CBAA-4F4F-838C-40CF2236C6F5}.Debug|Any CPU.Build.0 = Debug|Any CPU
		{EAEB8E87-CBAA-4F4F-838C-40CF2236C6F5}.Release|Any CPU.ActiveCfg = Release|Any CPU
		{EAEB8E87-CBAA-4F4F-838C-40CF2236C6F5}.Release|Any CPU.Build.0 = Release|Any CPU
		{B78EA490-142B-44A2-8F34-CF5B76B04ACE}.Debug|Any CPU.ActiveCfg = Debug|Any CPU
		{B78EA490-142B-44A2-8F34-CF5B76B04ACE}.Debug|Any CPU.Build.0 = Debug|Any CPU
		{B78EA490-142B-44A2-8F34-CF5B76B04ACE}.Release|Any CPU.ActiveCfg = Release|Any CPU
		{B78EA490-142B-44A2-8F34-CF5B76B04ACE}.Release|Any CPU.Build.0 = Release|Any CPU
		{4EDF5462-F478-4A96-B567-DE0C7ED52230}.Debug|Any CPU.ActiveCfg = Debug|Any CPU
		{4EDF5462-F478-4A96-B567-DE0C7ED52230}.Debug|Any CPU.Build.0 = Debug|Any CPU
		{4EDF5462-F478-4A96-B567-DE0C7ED52230}.Release|Any CPU.ActiveCfg = Release|Any CPU
		{4EDF5462-F478-4A96-B567-DE0C7ED52230}.Release|Any CPU.Build.0 = Release|Any CPU
		{074807AB-BF87-40E6-AC40-52CD16F7ED28}.Debug|Any CPU.ActiveCfg = Debug|Any CPU
		{074807AB-BF87-40E6-AC40-52CD16F7ED28}.Debug|Any CPU.Build.0 = Debug|Any CPU
		{074807AB-BF87-40E6-AC40-52CD16F7ED28}.Release|Any CPU.ActiveCfg = Release|Any CPU
		{074807AB-BF87-40E6-AC40-52CD16F7ED28}.Release|Any CPU.Build.0 = Release|Any CPU
		{3BCA493C-0719-4A7B-A754-076B6588B4A0}.Debug|Any CPU.ActiveCfg = Debug|Any CPU
		{3BCA493C-0719-4A7B-A754-076B6588B4A0}.Debug|Any CPU.Build.0 = Debug|Any CPU
		{3BCA493C-0719-4A7B-A754-076B6588B4A0}.Release|Any CPU.ActiveCfg = Release|Any CPU
		{3BCA493C-0719-4A7B-A754-076B6588B4A0}.Release|Any CPU.Build.0 = Release|Any CPU
	EndGlobalSection
	GlobalSection(SolutionProperties) = preSolution
		HideSolutionNode = FALSE
	EndGlobalSection
EndGlobal
